<?xml version="1.0" encoding="utf-8"?>
<Project ToolsVersion="4.0" xmlns="http://schemas.microsoft.com/developer/msbuild/2003">
  <ItemGroup>
    <Filter Include="Source Files">
      <UniqueIdentifier>{4FC737F1-C7A5-4376-A066-2A32D752A2FF}</UniqueIdentifier>
      <Extensions>qml;cpp;c;cc;cxx;def;odl;idl;hpj;bat;asm;asmx</Extensions>
    </Filter>
    <Filter Include="Header Files">
      <UniqueIdentifier>{93995380-89BD-4b04-88EB-625FBE52EBFB}</UniqueIdentifier>
      <Extensions>h;hh;hpp;hxx;hm;inl;inc;xsd</Extensions>
    </Filter>
    <Filter Include="Resource Files">
      <UniqueIdentifier>{67DA6AB6-F800-4c08-8B7A-83BB121AAD01}</UniqueIdentifier>
      <Extensions>qrc;rc;ico;cur;bmp;dlg;rc2;rct;bin;rgs;gif;jpg;jpeg;jpe;resx;tiff;tif;png;wav;mfcribbon-ms</Extensions>
    </Filter>
    <Filter Include="Form Files">
      <UniqueIdentifier>{99349809-55BA-4b9d-BF79-8FDBB0286EB3}</UniqueIdentifier>
      <Extensions>ui</Extensions>
    </Filter>
    <Filter Include="Translation Files">
      <UniqueIdentifier>{639EADAA-A684-42e4-A9AD-28FC9BCB8F7C}</UniqueIdentifier>
      <Extensions>ts</Extensions>
    </Filter>
    <Filter Include="Resource Files\shader">
      <UniqueIdentifier>{51c71821-70a0-44c7-8782-32d42794053e}</UniqueIdentifier>
    </Filter>
    <Filter Include="Header Files\widgets">
      <UniqueIdentifier>{f7e445e8-1f87-4ca5-87c1-9657772279e6}</UniqueIdentifier>
    </Filter>
    <Filter Include="Source Files\widgets">
      <UniqueIdentifier>{3a3b7657-310c-46cd-940f-6e1cc2d784b8}</UniqueIdentifier>
    </Filter>
    <Filter Include="Header Files\generator">
      <UniqueIdentifier>{3252ccbb-9bdb-4233-a40c-841b9154b86d}</UniqueIdentifier>
    </Filter>
    <Filter Include="Source Files\packages">
      <UniqueIdentifier>{da2c7ad9-925a-4b5b-9b41-a9171344c5dc}</UniqueIdentifier>
    </Filter>
    <Filter Include="Header Files\packages">
      <UniqueIdentifier>{44e1772d-e98c-42b3-9069-fefcf1f05e27}</UniqueIdentifier>
    </Filter>
  </ItemGroup>
  <ItemGroup>
    <QtRcc Include="MainWin.qrc">
      <Filter>Resource Files</Filter>
    </QtRcc>
    <QtUic Include="MainWin.ui">
      <Filter>Form Files</Filter>
    </QtUic>
  </ItemGroup>
  <ItemGroup>
    <ClCompile Include="main.cpp">
      <Filter>Source Files</Filter>
    </ClCompile>
    <ClCompile Include="MainWin.cpp">
      <Filter>Source Files\widgets</Filter>
    </ClCompile>
    <ClCompile Include="PianoGLWin.cpp">
      <Filter>Source Files\widgets</Filter>
    </ClCompile>
    <ClCompile Include="midiDeviceHandler.cpp">
      <Filter>Source Files</Filter>
    </ClCompile>
    <ClCompile Include="initStatic.cpp">
      <Filter>Source Files</Filter>
    </ClCompile>
    <ClCompile Include="NotePlayer.cpp">
      <Filter>Source Files</Filter>
    </ClCompile>
    <ClCompile Include="Stk.cpp">
      <Filter>Source Files\packages</Filter>
    </ClCompile>
    <ClCompile Include="packages\RtMidi.cpp">
      <Filter>Source Files\packages</Filter>
    </ClCompile>
    <ClCompile Include="RtAudio.cpp">
      <Filter>Source Files\packages</Filter>
    </ClCompile>
    <ClCompile Include="loadConfig.cpp">
      <Filter>Source Files</Filter>
    </ClCompile>
    <ClCompile Include="key.cpp">
      <Filter>Source Files</Filter>
    </ClCompile>
  </ItemGroup>
  <ItemGroup>
    <ClInclude Include="key.h">
      <Filter>Header Files</Filter>
    </ClInclude>
    <ClInclude Include="midiDeviceHandler.h">
      <Filter>Header Files</Filter>
    </ClInclude>
    <ClInclude Include="resource.h">
      <Filter>Header Files</Filter>
    </ClInclude>
    <ClInclude Include="NotePlayer.h">
      <Filter>Header Files</Filter>
    </ClInclude>
    <ClInclude Include="music.h">
      <Filter>Header Files</Filter>
    </ClInclude>
    <ClInclude Include="loadConfig.h">
      <Filter>Header Files</Filter>
    </ClInclude>
    <ClInclude Include="Envelope.h">
      <Filter>Header Files\generator</Filter>
    </ClInclude>
    <ClInclude Include="SineWave.h">
      <Filter>Header Files\generator</Filter>
    </ClInclude>
    <ClInclude Include="Stk.h">
      <Filter>Header Files\packages</Filter>
    </ClInclude>
    <ClInclude Include="json.hpp">
      <Filter>Header Files\packages</Filter>
    </ClInclude>
    <ClInclude Include="RtAudio.h">
      <Filter>Header Files\packages</Filter>
    </ClInclude>
    <ClInclude Include="packages\RtMidi.h">
      <Filter>Header Files\packages</Filter>
    </ClInclude>
  </ItemGroup>
  <ItemGroup>
    <QtMoc Include="PianoGLWin.h">
      <Filter>Header Files\widgets</Filter>
    </QtMoc>
    <QtMoc Include="MainWin.h">
      <Filter>Header Files\widgets</Filter>
    </QtMoc>
    <QtMoc Include="MyWidgets.h">
      <Filter>Header Files\widgets</Filter>
    </QtMoc>
    <QtMoc Include="keysettingbutton.h">
      <Filter>Header Files\widgets</Filter>
    </QtMoc>
  </ItemGroup>
  <ItemGroup>
    <QtUic Include="SettingsWin.ui">
      <Filter>Form Files</Filter>
    </QtUic>
  </ItemGroup>
  <ItemGroup>
    <None Include="shader\fragment.glsl">
      <Filter>Resource Files\shader</Filter>
    </None>
    <None Include="shader\vertex.glsl">
      <Filter>Resource Files\shader</Filter>
    </None>
    <None Include="data\ChordAttr.json">
      <Filter>Resource Files</Filter>
    </None>
    <None Include="data\config.json">
      <Filter>Resource Files</Filter>
    </None>
    <None Include="data\config0.json">
      <Filter>Resource Files</Filter>
    </None>
  </ItemGroup>
  <ItemGroup>
    <ResourceCompile Include="Piano.rc">
      <Filter>Resource Files</Filter>
    </ResourceCompile>
  </ItemGroup>
  <ItemGroup>
    <Image Include="data\piano.ico">
      <Filter>Resource Files</Filter>
    </Image>
  </ItemGroup>
</Project>